
Microsoft Visual Studio Solution File, Format Version 12.00
# Visual Studio Version 16
VisualStudioVersion = 16.0.34601.136
MinimumVisualStudioVersion = 10.0.40219.1
Project("{FAE04EC0-301F-11D3-BF4B-00C04F79EFBC}") = "PruebaSD", "PruebaSD.csproj", "{F4CD729B-2589-4A87-B6D6-4E59755F07C8}"
EndProject
Project("{FAE04EC0-301F-11D3-BF4B-00C04F79EFBC}") = "Negocio", "..\Negocio\Negocio.csproj", "{DC2D730F-51E5-461D-88B5-261E83F0B929}"
EndProject
Project("{FAE04EC0-301F-11D3-BF4B-00C04F79EFBC}") = "AccesoDatos", "..\AccesoDatos\AccesoDatos.csproj", "{919D6352-04AA-4185-9497-15C2B563C81B}"
EndProject
Project("{FAE04EC0-301F-11D3-BF4B-00C04F79EFBC}") = "Entidades", "..\Entidades\Entidades.csproj", "{4E0E8ABE-317E-4EC8-AEEA-713F90941613}"
EndProject
Global
	GlobalSection(SolutionConfigurationPlatforms) = preSolution
		Debug|Any CPU = Debug|Any CPU
		Release|Any CPU = Release|Any CPU
	EndGlobalSection
	GlobalSection(ProjectConfigurationPlatforms) = postSolution
		{F4CD729B-2589-4A87-B6D6-4E59755F07C8}.Debug|Any CPU.ActiveCfg = Debug|Any CPU
		{F4CD729B-2589-4A87-B6D6-4E59755F07C8}.Debug|Any CPU.Build.0 = Debug|Any CPU
		{F4CD729B-2589-4A87-B6D6-4E59755F07C8}.Release|Any CPU.ActiveCfg = Release|Any CPU
		{F4CD729B-2589-4A87-B6D6-4E59755F07C8}.Release|Any CPU.Build.0 = Release|Any CPU
		{DC2D730F-51E5-461D-88B5-261E83F0B929}.Debug|Any CPU.ActiveCfg = Debug|Any CPU
		{DC2D730F-51E5-461D-88B5-261E83F0B929}.Debug|Any CPU.Build.0 = Debug|Any CPU
		{DC2D730F-51E5-461D-88B5-261E83F0B929}.Release|Any CPU.ActiveCfg = Release|Any CPU
		{DC2D730F-51E5-461D-88B5-261E83F0B929}.Release|Any CPU.Build.0 = Release|Any CPU
		{919D6352-04AA-4185-9497-15C2B563C81B}.Debug|Any CPU.ActiveCfg = Debug|Any CPU
		{919D6352-04AA-4185-9497-15C2B563C81B}.Debug|Any CPU.Build.0 = Debug|Any CPU
		{919D6352-04AA-4185-9497-15C2B563C81B}.Release|Any CPU.ActiveCfg = Release|Any CPU
		{919D6352-04AA-4185-9497-15C2B563C81B}.Release|Any CPU.Build.0 = Release|Any CPU
		{4E0E8ABE-317E-4EC8-AEEA-713F90941613}.Debug|Any CPU.ActiveCfg = Debug|Any CPU
		{4E0E8ABE-317E-4EC8-AEEA-713F90941613}.Debug|Any CPU.Build.0 = Debug|Any CPU
		{4E0E8ABE-317E-4EC8-AEEA-713F90941613}.Release|Any CPU.ActiveCfg = Release|Any CPU
		{4E0E8ABE-317E-4EC8-AEEA-713F90941613}.Release|Any CPU.Build.0 = Release|Any CPU
	EndGlobalSection
	GlobalSection(SolutionProperties) = preSolution
		HideSolutionNode = FALSE
	EndGlobalSection
	GlobalSection(ExtensibilityGlobals) = postSolution
		SolutionGuid = {7D83DC38-53C6-4864-872B-EB0A7E2EFD36}
	EndGlobalSection
EndGlobal
